
Microsoft Visual Studio Solution File, Format Version 12.00
# Visual Studio 2012
Project("{FAE04EC0-301F-11D3-BF4B-00C04F79EFBC}") = "AspNetWebApi", "AspNetWebApi\AspNetWebApi.csproj", "{16D5D7F9-A745-4879-9F3B-3FD644948BDF}"
EndProject
Global
	GlobalSection(SolutionConfigurationPlatforms) = preSolution
		CodeCoverage|Any CPU = CodeCoverage|Any CPU
		Debug|Any CPU = Debug|Any CPU
		Release|Any CPU = Release|Any CPU
	EndGlobalSection
	GlobalSection(ProjectConfigurationPlatforms) = postSolution
		{16D5D7F9-A745-4879-9F3B-3FD644948BDF}.CodeCoverage|Any CPU.ActiveCfg = Release|Any CPU
		{16D5D7F9-A745-4879-9F3B-3FD644948BDF}.CodeCoverage|Any CPU.Build.0 = Release|Any CPU
		{16D5D7F9-A745-4879-9F3B-3FD644948BDF}.Debug|Any CPU.ActiveCfg = Debug|Any CPU
		{16D5D7F9-A745-4879-9F3B-3FD644948BDF}.Debug|Any CPU.Build.0 = Debug|Any CPU
		{16D5D7F9-A745-4879-9F3B-3FD644948BDF}.Release|Any CPU.ActiveCfg = Release|Any CPU
		{16D5D7F9-A745-4879-9F3B-3FD644948BDF}.Release|Any CPU.Build.0 = Release|Any CPU
	EndGlobalSection
	GlobalSection(SolutionProperties) = preSolution
		HideSolutionNode = FALSE
	EndGlobalSection
EndGlobal
